
Microsoft Visual Studio Solution File, Format Version 12.00
# Visual Studio Version 17
VisualStudioVersion = 17.2.32616.157
MinimumVisualStudioVersion = 10.0.40219.1
Project("{FAE04EC0-301F-11D3-BF4B-00C04F79EFBC}") = "DelegateDemo", "DelegateDemo\DelegateDemo.csproj", "{2E84074E-C955-44F5-BDEA-D5272DC95CB4}"
EndProject
Project("{FAE04EC0-301F-11D3-BF4B-00C04F79EFBC}") = "EventsDemo", "EventsDemo\EventsDemo.csproj", "{3C1A4A86-9131-459A-B6B3-9FE91618E3D6}"
EndProject
Project("{FAE04EC0-301F-11D3-BF4B-00C04F79EFBC}") = "HashTableDemo", "HashTableDemo\HashTableDemo.csproj", "{11CB9DE8-AC7F-4067-8705-DF472593DA1D}"
EndProject
Project("{FAE04EC0-301F-11D3-BF4B-00C04F79EFBC}") = "BinarySearchTreeDemo", "BinarySearchTree.cs\BinarySearchTreeDemo.csproj", "{2F8B2D2D-2400-4C3E-9E45-69A31BF922A5}"
EndProject
Global
	GlobalSection(SolutionConfigurationPlatforms) = preSolution
		Debug|Any CPU = Debug|Any CPU
		Release|Any CPU = Release|Any CPU
	EndGlobalSection
	GlobalSection(ProjectConfigurationPlatforms) = postSolution
		{2E84074E-C955-44F5-BDEA-D5272DC95CB4}.Debug|Any CPU.ActiveCfg = Debug|Any CPU
		{2E84074E-C955-44F5-BDEA-D5272DC95CB4}.Debug|Any CPU.Build.0 = Debug|Any CPU
		{2E84074E-C955-44F5-BDEA-D5272DC95CB4}.Release|Any CPU.ActiveCfg = Release|Any CPU
		{2E84074E-C955-44F5-BDEA-D5272DC95CB4}.Release|Any CPU.Build.0 = Release|Any CPU
		{3C1A4A86-9131-459A-B6B3-9FE91618E3D6}.Debug|Any CPU.ActiveCfg = Debug|Any CPU
		{3C1A4A86-9131-459A-B6B3-9FE91618E3D6}.Debug|Any CPU.Build.0 = Debug|Any CPU
		{3C1A4A86-9131-459A-B6B3-9FE91618E3D6}.Release|Any CPU.ActiveCfg = Release|Any CPU
		{3C1A4A86-9131-459A-B6B3-9FE91618E3D6}.Release|Any CPU.Build.0 = Release|Any CPU
		{11CB9DE8-AC7F-4067-8705-DF472593DA1D}.Debug|Any CPU.ActiveCfg = Debug|Any CPU
		{11CB9DE8-AC7F-4067-8705-DF472593DA1D}.Debug|Any CPU.Build.0 = Debug|Any CPU
		{11CB9DE8-AC7F-4067-8705-DF472593DA1D}.Release|Any CPU.ActiveCfg = Release|Any CPU
		{11CB9DE8-AC7F-4067-8705-DF472593DA1D}.Release|Any CPU.Build.0 = Release|Any CPU
		{2F8B2D2D-2400-4C3E-9E45-69A31BF922A5}.Debug|Any CPU.ActiveCfg = Debug|Any CPU
		{2F8B2D2D-2400-4C3E-9E45-69A31BF922A5}.Debug|Any CPU.Build.0 = Debug|Any CPU
		{2F8B2D2D-2400-4C3E-9E45-69A31BF922A5}.Release|Any CPU.ActiveCfg = Release|Any CPU
		{2F8B2D2D-2400-4C3E-9E45-69A31BF922A5}.Release|Any CPU.Build.0 = Release|Any CPU
	EndGlobalSection
	GlobalSection(SolutionProperties) = preSolution
		HideSolutionNode = FALSE
	EndGlobalSection
	GlobalSection(ExtensibilityGlobals) = postSolution
		SolutionGuid = {FA81D903-EBB9-4263-BD8C-408C226B2470}
	EndGlobalSection
EndGlobal
